
Microsoft Visual Studio Solution File, Format Version 12.00
# Visual Studio 15
Project("{FAE04EC0-301F-11D3-BF4B-00C04F79EFBC}") = "Tournament_Table", "Tornament_Table\Tournament_Table.csproj", "{0F61F63A-C612-4967-AC95-E7FC3364D1AF}"
EndProject
Project("{FAE04EC0-301F-11D3-BF4B-00C04F79EFBC}") = "TournamentTest", "TournamentTest\TournamentTest.csproj", "{DD62C2B6-9578-4F31-B23C-51EBC0792ED3}"
EndProject
Global
	GlobalSection(SolutionConfigurationPlatforms) = preSolution
		Debug|Any CPU = Debug|Any CPU
		Release|Any CPU = Release|Any CPU
	EndGlobalSection
	GlobalSection(ProjectConfigurationPlatforms) = postSolution
		{0F61F63A-C612-4967-AC95-E7FC3364D1AF}.Debug|Any CPU.ActiveCfg = Debug|Any CPU
		{0F61F63A-C612-4967-AC95-E7FC3364D1AF}.Debug|Any CPU.Build.0 = Debug|Any CPU
		{0F61F63A-C612-4967-AC95-E7FC3364D1AF}.Release|Any CPU.ActiveCfg = Release|Any CPU
		{0F61F63A-C612-4967-AC95-E7FC3364D1AF}.Release|Any CPU.Build.0 = Release|Any CPU
		{DD62C2B6-9578-4F31-B23C-51EBC0792ED3}.Debug|Any CPU.ActiveCfg = Debug|Any CPU
		{DD62C2B6-9578-4F31-B23C-51EBC0792ED3}.Debug|Any CPU.Build.0 = Debug|Any CPU
		{DD62C2B6-9578-4F31-B23C-51EBC0792ED3}.Release|Any CPU.ActiveCfg = Release|Any CPU
		{DD62C2B6-9578-4F31-B23C-51EBC0792ED3}.Release|Any CPU.Build.0 = Release|Any CPU
	EndGlobalSection
EndGlobal
